<?xml version="1.0" encoding="utf-8"?>
<Project ToolsVersion="4.0" xmlns="http://schemas.microsoft.com/developer/msbuild/2003">
  <ItemGroup>
    <ClCompile Include="QueueNode.c" />
    <ClCompile Include="cfs.c" />
    <ClCompile Include="rb_tree.c" />
    <ClCompile Include="RealTimeTask.c" />
    <ClCompile Include="RealTimeTaskQueue.c" />
    <ClCompile Include="task.c" />
    <ClCompile Include="round_robin.c" />
    <ClCompile Include="main.c" />
    <ClCompile Include="scheduler.c" />
    <ClCompile Include="rb_node.c" />
    <ClCompile Include="logger.c" />
    <ClCompile Include="loggerconf.c" />
    <ClCompile Include="consts.c" />
  </ItemGroup>
  <ItemGroup>
    <ClInclude Include="QueueNode.h" />
    <ClInclude Include="RealTimeTask.h" />
    <ClInclude Include="RealTimeTaskQueue .h" />
    <ClInclude Include="cfs.h" />
    <ClInclude Include="general_settings.h" />
    <ClInclude Include="rb_tree.h" />
    <ClInclude Include="scheduler.h" />
    <ClInclude Include="task.h" />
    <ClInclude Include="round_robin.h" />
    <ClInclude Include="rb_node.h" />
    <ClInclude Include="logger.h" />
    <ClInclude Include="loggerconf.h" />
  </ItemGroup>
</Project>